
Microsoft Visual Studio Solution File, Format Version 12.00
# Visual Studio Version 17
VisualStudioVersion = 17.4.33103.184
MinimumVisualStudioVersion = 10.0.40219.1
Project("{2150E333-8FDC-42A3-9474-1A3956D46DE8}") = "Paging", "Paging", "{7C47635B-CFAE-4CA3-8F40-996647147858}"
EndProject
Project("{9A19103F-16F7-4668-BE54-9A1E7A4F7556}") = "WeiPoX.Paging", "Core\Paging\WeiPoX.Paging\WeiPoX.Paging.csproj", "{87A74890-AE8C-4C95-B820-2EF62FBF3796}"
EndProject
Project("{9A19103F-16F7-4668-BE54-9A1E7A4F7556}") = "WeiPoX.Paging.Test", "Core\Paging\WeiPoX.Paging.Test\WeiPoX.Paging.Test.csproj", "{D593EA59-F899-48AF-B644-7D203791D4F0}"
EndProject
Project("{2150E333-8FDC-42A3-9474-1A3956D46DE8}") = "Caching", "Caching", "{00732994-D661-4101-AC7D-70A1A8B8D814}"
EndProject
Project("{9A19103F-16F7-4668-BE54-9A1E7A4F7556}") = "WeiPoX.Core.Caching", "Core\Caching\WeiPoX.Core.Caching\WeiPoX.Core.Caching.csproj", "{ADE56DCC-E27C-4C3C-BB0D-5F7001D5EC5D}"
EndProject
Project("{2150E333-8FDC-42A3-9474-1A3956D46DE8}") = "DeclarativeUI", "DeclarativeUI", "{3DAB5219-2A0F-4642-85A7-299AD8921745}"
EndProject
Project("{9A19103F-16F7-4668-BE54-9A1E7A4F7556}") = "WeiPoX.Core.Caching.Test", "Core\Caching\WeiPoX.Core.Caching.Test\WeiPoX.Core.Caching.Test.csproj", "{98A534AC-6507-4978-B15A-A5407BFA8E72}"
EndProject
Project("{9A19103F-16F7-4668-BE54-9A1E7A4F7556}") = "WeiPoX.Core.DeclarativeUI", "Core\DeclarativeUI\WeiPoX.Core.DeclarativeUI\WeiPoX.Core.DeclarativeUI.csproj", "{A7A66D10-7459-4B18-AF9B-BC585F4B6845}"
EndProject
Project("{9A19103F-16F7-4668-BE54-9A1E7A4F7556}") = "WeiPoX.Core.DeclarativeUI.Platform.WinUI3", "Core\DeclarativeUI\Platform\WeiPoX.Core.DeclarativeUI.Platform.WinUI3\WeiPoX.Core.DeclarativeUI.Platform.WinUI3.csproj", "{62C017EB-4CFB-495B-BCDF-6B5ACB465420}"
EndProject
Project("{9A19103F-16F7-4668-BE54-9A1E7A4F7556}") = "WeiPoX.Core.DeclarativeUI.Test", "Core\DeclarativeUI\WeiPoX.Core.DeclarativeUI.Test\WeiPoX.Core.DeclarativeUI.Test.csproj", "{9EE2C839-D4FD-4880-BBF5-80B598CCB6BE}"
EndProject
Project("{9A19103F-16F7-4668-BE54-9A1E7A4F7556}") = "WeiPoX.Core.DeclarativeUI.Platform.WinUI3.Test", "Core\DeclarativeUI\Platform\WeiPoX.Core.DeclarativeUI.Platform.WinUI3.Test\WeiPoX.Core.DeclarativeUI.Platform.WinUI3.Test.csproj", "{4DFBA97C-3D21-49CA-A298-709EFE41CE41}"
EndProject
Project("{2150E333-8FDC-42A3-9474-1A3956D46DE8}") = "Services", "Services", "{C487D92C-1FDD-428C-AAC6-68F51020A258}"
EndProject
Project("{9A19103F-16F7-4668-BE54-9A1E7A4F7556}") = "WeiPoX.Service.Mastodon", "Services\WeiPoX.Service.Mastodon\WeiPoX.Service.Mastodon.csproj", "{8EDE0BB3-AD84-4E38-B9FA-4E192AD6DB35}"
EndProject
Project("{9A19103F-16F7-4668-BE54-9A1E7A4F7556}") = "WeiPoX.Service.Twitter", "Services\WeiPoX.Service.Twitter\WeiPoX.Service.Twitter.csproj", "{0C26F12E-629E-478C-B553-F6BE683A568C}"
EndProject
Project("{2150E333-8FDC-42A3-9474-1A3956D46DE8}") = "Core", "Core", "{DF4A6489-E464-4578-BEDA-6B015BC563C4}"
EndProject
Project("{2150E333-8FDC-42A3-9474-1A3956D46DE8}") = "App", "App", "{6461B72C-7DAE-4644-AB23-039E741C0861}"
EndProject
Project("{2150E333-8FDC-42A3-9474-1A3956D46DE8}") = "Features", "Features", "{55077FE6-8084-4759-970B-40346BDF9743}"
EndProject
Project("{2150E333-8FDC-42A3-9474-1A3956D46DE8}") = "Data", "Data", "{153B0D63-22E2-4738-B2AC-F9936F6AB553}"
EndProject
Project("{9A19103F-16F7-4668-BE54-9A1E7A4F7556}") = "WeiPoX.Core.DeclarativeUI.Platform.Avalonia", "Core\DeclarativeUI\Platform\WeiPoX.Core.DeclarativeUI.Platform.Avalonia\WeiPoX.Core.DeclarativeUI.Platform.Avalonia.csproj", "{D690E6B2-538E-45DE-99A3-FE920111AC8A}"
EndProject
Project("{2150E333-8FDC-42A3-9474-1A3956D46DE8}") = "Routing", "Routing", "{3FFB6E69-E8A5-4034-906F-1547BCA7A2B6}"
EndProject
Project("{9A19103F-16F7-4668-BE54-9A1E7A4F7556}") = "WeiPoX.Core.Routing", "Core\Routing\WeiPoX.Core.Routing\WeiPoX.Core.Routing.csproj", "{0DD55A96-9CA9-4B76-834F-F4C631765143}"
EndProject
Project("{9A19103F-16F7-4668-BE54-9A1E7A4F7556}") = "WeiPoX.App.Avalonia", "App\WeiPoX.App.Avalonia\WeiPoX.App.Avalonia.csproj", "{34DF0699-2EA2-4E91-A087-B706BB5DF541}"
EndProject
Project("{9A19103F-16F7-4668-BE54-9A1E7A4F7556}") = "WeiPoX.App.Mac", "App\WeiPoX.App.Mac\WeiPoX.App.Mac.csproj", "{F2F9C88E-623F-49E5-A5B4-BE27645DE4DC}"
EndProject
Project("{9A19103F-16F7-4668-BE54-9A1E7A4F7556}") = "WeiPoX.Core.DeclarativeUI.Platform.UIKit", "Core\DeclarativeUI\Platform\WeiPoX.Core.DeclarativeUI.Platform.UIKit\WeiPoX.Core.DeclarativeUI.Platform.UIKit.csproj", "{E01CAB26-8976-430B-99E7-DA9E9DF999B3}"
EndProject
Project("{9A19103F-16F7-4668-BE54-9A1E7A4F7556}") = "WeiPoX.App.WinUI", "App\WeiPoX.App.WinUI\WeiPoX.App.WinUI.csproj", "{7A1AF82E-4F1D-4E9A-AEC0-3929404C35A6}"
EndProject
Project("{2150E333-8FDC-42A3-9474-1A3956D46DE8}") = "UI", "UI", "{49CC4185-8C6E-4DF9-89F6-4AC288442722}"
EndProject
Project("{2150E333-8FDC-42A3-9474-1A3956D46DE8}") = "Test", "Test", "{03BFDF36-3CFC-4371-985C-F56BC7B07979}"
EndProject
Project("{9A19103F-16F7-4668-BE54-9A1E7A4F7556}") = "WeiPoX.Data.Common", "Data\WeiPoX.Data.Common\WeiPoX.Data.Common.csproj", "{310B664F-159C-433F-A2F6-63252A85BA65}"
EndProject
Project("{9A19103F-16F7-4668-BE54-9A1E7A4F7556}") = "WeiPoX.Data.Account", "Data\WeiPoX.Data.Account\WeiPoX.Data.Account.csproj", "{1A7492D7-A7BF-42A6-9C0A-C1F81DADF314}"
EndProject
Project("{9A19103F-16F7-4668-BE54-9A1E7A4F7556}") = "WeiPoX.Core.Routing.Test", "Core\Routing\WeiPoX.Core.Routing.Test\WeiPoX.Core.Routing.Test.csproj", "{6C921291-330B-4AED-84EA-DC908458F005}"
EndProject
Project("{9A19103F-16F7-4668-BE54-9A1E7A4F7556}") = "WeiPoX.Core.DeclarativeUI.Testing", "Core\DeclarativeUI\WeiPoX.Core.DeclarativeUI.Testing\WeiPoX.Core.DeclarativeUI.Testing.csproj", "{61BCE1B5-D6CD-473A-84A8-9665C347DD55}"
EndProject
Project("{2150E333-8FDC-42A3-9474-1A3956D46DE8}") = "Lifecycle", "Lifecycle", "{75F0D925-380D-4C88-AFFA-6E68F42EB244}"
EndProject
Project("{9A19103F-16F7-4668-BE54-9A1E7A4F7556}") = "WeiPoX.Core.Lifecycle", "Core\Lifecycle\WeiPoX.Core.Lifecycle\WeiPoX.Core.Lifecycle.csproj", "{062614F1-84D3-4529-A1D4-2532A3E5340C}"
EndProject
Project("{2150E333-8FDC-42A3-9474-1A3956D46DE8}") = "Platform", "Platform", "{7E732B48-5E33-472A-B721-56C7C4A3F867}"
EndProject
Project("{2150E333-8FDC-42A3-9474-1A3956D46DE8}") = "Sample", "Sample", "{6683F1D8-C92F-49C4-B4DD-2EFEFAB178CA}"
EndProject
Project("{9A19103F-16F7-4668-BE54-9A1E7A4F7556}") = "WeiPoX.Core.DeclarativeUI.Sample.Core", "Core\DeclarativeUI\Sample\WeiPoX.Core.DeclarativeUI.Sample.Core\WeiPoX.Core.DeclarativeUI.Sample.Core.csproj", "{AE32F4D3-6576-40C0-94C8-F838E3649E2C}"
EndProject
Project("{9A19103F-16F7-4668-BE54-9A1E7A4F7556}") = "WeiPoX.Core.DeclarativeUI.Sample.WinUI3", "Core\DeclarativeUI\Sample\WeiPoX.Core.DeclarativeUI.Sample.WinUI3\WeiPoX.Core.DeclarativeUI.Sample.WinUI3.csproj", "{1AA11910-9BE3-48B1-AEF5-56EA11A56949}"
EndProject
Project("{9A19103F-16F7-4668-BE54-9A1E7A4F7556}") = "WeiPoX.Core.DeclarativeUI.Sample.Avalonia", "Core\DeclarativeUI\Sample\WeiPoX.Core.DeclarativeUI.Sample.Avalonia\WeiPoX.Core.DeclarativeUI.Sample.Avalonia.csproj", "{D454463D-763B-4F22-83DA-A90DE23217A5}"
EndProject
Project("{9A19103F-16F7-4668-BE54-9A1E7A4F7556}") = "WeiPoX.Core.DeclarativeUI.Platform.Android", "Core\DeclarativeUI\Platform\WeiPoX.Core.DeclarativeUI.Platform.Android\WeiPoX.Core.DeclarativeUI.Platform.Android.csproj", "{CE335A29-C2E7-4AF6-BF30-E44E326B8A6E}"
EndProject
Project("{9A19103F-16F7-4668-BE54-9A1E7A4F7556}") = "WeiPoX.Core.DeclarativeUI.Sample.Android", "Core\DeclarativeUI\Sample\WeiPoX.Core.DeclarativeUI.Sample.Android\WeiPoX.Core.DeclarativeUI.Sample.Android.csproj", "{492CAD5B-C410-46B9-8531-C0761B17630D}"
EndProject
Project("{9A19103F-16F7-4668-BE54-9A1E7A4F7556}") = "WeiPoX.Core.DeclarativeUI.Sample.Mac", "Core\DeclarativeUI\Sample\WeiPoX.Core.DeclarativeUI.Sample.Mac\WeiPoX.Core.DeclarativeUI.Sample.Mac.csproj", "{42D4CB96-EAE5-4D1E-9351-EF2A2EA3A524}"
EndProject
Project("{9A19103F-16F7-4668-BE54-9A1E7A4F7556}") = "WeiPoX.Core.DeclarativeUI.Sample.iOS", "Core\DeclarativeUI\Sample\WeiPoX.Core.DeclarativeUI.Sample.iOS\WeiPoX.Core.DeclarativeUI.Sample.iOS.csproj", "{E7A9FE43-371A-40CF-AF81-9A4BA83A8B5E}"
EndProject
Project("{9A19103F-16F7-4668-BE54-9A1E7A4F7556}") = "WeiPoX.Core.DeclarativeUI.Platform.MAUI", "Core\DeclarativeUI\Platform\WeiPoX.Core.DeclarativeUI.Platform.MAUI\WeiPoX.Core.DeclarativeUI.Platform.MAUI.csproj", "{490E1CC6-6727-4D62-ABDC-50FB9011D79C}"
EndProject
Project("{9A19103F-16F7-4668-BE54-9A1E7A4F7556}") = "WeiPoX.Core.DeclarativeUI.Sample.MAUI", "Core\DeclarativeUI\Sample\WeiPoX.Core.DeclarativeUI.Sample.MAUI\WeiPoX.Core.DeclarativeUI.Sample.MAUI.csproj", "{E0711692-5099-48B5-959F-8781E24480A2}"
EndProject
Project("{2150E333-8FDC-42A3-9474-1A3956D46DE8}") = "Animation", "Animation", "{96CFC8CB-F936-43C9-B931-D456F8595996}"
EndProject
Project("{9A19103F-16F7-4668-BE54-9A1E7A4F7556}") = "WeiPoX.Core.DeclarativeUI.Animation", "Core\DeclarativeUI\Animation\WeiPoX.Core.DeclarativeUI.Animation\WeiPoX.Core.DeclarativeUI.Animation.csproj", "{8829EB5F-D9FE-489B-A2CD-02DBDFB5A6BC}"
EndProject
Project("{2150E333-8FDC-42A3-9474-1A3956D46DE8}") = "Platform", "Platform", "{0765E8BF-38A1-4BE5-B02E-919C443DBF7A}"
EndProject
Project("{9A19103F-16F7-4668-BE54-9A1E7A4F7556}") = "WeiPoX.Core.DeclarativeUI.Animation.Platform.Avalonia", "Core\DeclarativeUI\Animation\Platform\WeiPoX.Core.DeclarativeUI.Animation.Platform.Avalonia\WeiPoX.Core.DeclarativeUI.Animation.Platform.Avalonia.csproj", "{6EC1EBEE-675B-4519-8202-0A45DC38A39E}"
EndProject
Project("{FAE04EC0-301F-11D3-BF4B-00C04F79EFBC}") = "WeiPoX.Core.DeclarativeUI.Animation.Platform.WinUI3", "Core\DeclarativeUI\Animation\Platform\WeiPoX.Core.DeclarativeUI.Animation.Platform.WinUI3\WeiPoX.Core.DeclarativeUI.Animation.Platform.WinUI3.csproj", "{7D6305C0-BDB9-4C3D-BEA3-44F77502BE6F}"
EndProject
Global
	GlobalSection(SolutionConfigurationPlatforms) = preSolution
		Debug|Any CPU = Debug|Any CPU
		Debug|ARM64 = Debug|ARM64
		Debug|x64 = Debug|x64
		Debug|x86 = Debug|x86
		Release|Any CPU = Release|Any CPU
		Release|ARM64 = Release|ARM64
		Release|x64 = Release|x64
		Release|x86 = Release|x86
	EndGlobalSection
	GlobalSection(ProjectConfigurationPlatforms) = postSolution
		{87A74890-AE8C-4C95-B820-2EF62FBF3796}.Debug|Any CPU.ActiveCfg = Debug|Any CPU
		{87A74890-AE8C-4C95-B820-2EF62FBF3796}.Debug|Any CPU.Build.0 = Debug|Any CPU
		{87A74890-AE8C-4C95-B820-2EF62FBF3796}.Debug|ARM64.ActiveCfg = Debug|Any CPU
		{87A74890-AE8C-4C95-B820-2EF62FBF3796}.Debug|ARM64.Build.0 = Debug|Any CPU
		{87A74890-AE8C-4C95-B820-2EF62FBF3796}.Debug|x64.ActiveCfg = Debug|Any CPU
		{87A74890-AE8C-4C95-B820-2EF62FBF3796}.Debug|x64.Build.0 = Debug|Any CPU
		{87A74890-AE8C-4C95-B820-2EF62FBF3796}.Debug|x86.ActiveCfg = Debug|Any CPU
		{87A74890-AE8C-4C95-B820-2EF62FBF3796}.Debug|x86.Build.0 = Debug|Any CPU
		{87A74890-AE8C-4C95-B820-2EF62FBF3796}.Release|Any CPU.ActiveCfg = Release|Any CPU
		{87A74890-AE8C-4C95-B820-2EF62FBF3796}.Release|Any CPU.Build.0 = Release|Any CPU
		{87A74890-AE8C-4C95-B820-2EF62FBF3796}.Release|ARM64.ActiveCfg = Release|Any CPU
		{87A74890-AE8C-4C95-B820-2EF62FBF3796}.Release|ARM64.Build.0 = Release|Any CPU
		{87A74890-AE8C-4C95-B820-2EF62FBF3796}.Release|x64.ActiveCfg = Release|Any CPU
		{87A74890-AE8C-4C95-B820-2EF62FBF3796}.Release|x64.Build.0 = Release|Any CPU
		{87A74890-AE8C-4C95-B820-2EF62FBF3796}.Release|x86.ActiveCfg = Release|Any CPU
		{87A74890-AE8C-4C95-B820-2EF62FBF3796}.Release|x86.Build.0 = Release|Any CPU
		{D593EA59-F899-48AF-B644-7D203791D4F0}.Debug|Any CPU.ActiveCfg = Debug|Any CPU
		{D593EA59-F899-48AF-B644-7D203791D4F0}.Debug|Any CPU.Build.0 = Debug|Any CPU
		{D593EA59-F899-48AF-B644-7D203791D4F0}.Debug|ARM64.ActiveCfg = Debug|Any CPU
		{D593EA59-F899-48AF-B644-7D203791D4F0}.Debug|ARM64.Build.0 = Debug|Any CPU
		{D593EA59-F899-48AF-B644-7D203791D4F0}.Debug|x64.ActiveCfg = Debug|Any CPU
		{D593EA59-F899-48AF-B644-7D203791D4F0}.Debug|x64.Build.0 = Debug|Any CPU
		{D593EA59-F899-48AF-B644-7D203791D4F0}.Debug|x86.ActiveCfg = Debug|Any CPU
		{D593EA59-F899-48AF-B644-7D203791D4F0}.Debug|x86.Build.0 = Debug|Any CPU
		{D593EA59-F899-48AF-B644-7D203791D4F0}.Release|Any CPU.ActiveCfg = Release|Any CPU
		{D593EA59-F899-48AF-B644-7D203791D4F0}.Release|Any CPU.Build.0 = Release|Any CPU
		{D593EA59-F899-48AF-B644-7D203791D4F0}.Release|ARM64.ActiveCfg = Release|Any CPU
		{D593EA59-F899-48AF-B644-7D203791D4F0}.Release|ARM64.Build.0 = Release|Any CPU
		{D593EA59-F899-48AF-B644-7D203791D4F0}.Release|x64.ActiveCfg = Release|Any CPU
		{D593EA59-F899-48AF-B644-7D203791D4F0}.Release|x64.Build.0 = Release|Any CPU
		{D593EA59-F899-48AF-B644-7D203791D4F0}.Release|x86.ActiveCfg = Release|Any CPU
		{D593EA59-F899-48AF-B644-7D203791D4F0}.Release|x86.Build.0 = Release|Any CPU
		{ADE56DCC-E27C-4C3C-BB0D-5F7001D5EC5D}.Debug|Any CPU.ActiveCfg = Debug|Any CPU
		{ADE56DCC-E27C-4C3C-BB0D-5F7001D5EC5D}.Debug|Any CPU.Build.0 = Debug|Any CPU
		{ADE56DCC-E27C-4C3C-BB0D-5F7001D5EC5D}.Debug|ARM64.ActiveCfg = Debug|Any CPU
		{ADE56DCC-E27C-4C3C-BB0D-5F7001D5EC5D}.Debug|ARM64.Build.0 = Debug|Any CPU
		{ADE56DCC-E27C-4C3C-BB0D-5F7001D5EC5D}.Debug|x64.ActiveCfg = Debug|Any CPU
		{ADE56DCC-E27C-4C3C-BB0D-5F7001D5EC5D}.Debug|x64.Build.0 = Debug|Any CPU
		{ADE56DCC-E27C-4C3C-BB0D-5F7001D5EC5D}.Debug|x86.ActiveCfg = Debug|Any CPU
		{ADE56DCC-E27C-4C3C-BB0D-5F7001D5EC5D}.Debug|x86.Build.0 = Debug|Any CPU
		{ADE56DCC-E27C-4C3C-BB0D-5F7001D5EC5D}.Release|Any CPU.ActiveCfg = Release|Any CPU
		{ADE56DCC-E27C-4C3C-BB0D-5F7001D5EC5D}.Release|Any CPU.Build.0 = Release|Any CPU
		{ADE56DCC-E27C-4C3C-BB0D-5F7001D5EC5D}.Release|ARM64.ActiveCfg = Release|Any CPU
		{ADE56DCC-E27C-4C3C-BB0D-5F7001D5EC5D}.Release|ARM64.Build.0 = Release|Any CPU
		{ADE56DCC-E27C-4C3C-BB0D-5F7001D5EC5D}.Release|x64.ActiveCfg = Release|Any CPU
		{ADE56DCC-E27C-4C3C-BB0D-5F7001D5EC5D}.Release|x64.Build.0 = Release|Any CPU
		{ADE56DCC-E27C-4C3C-BB0D-5F7001D5EC5D}.Release|x86.ActiveCfg = Release|Any CPU
		{ADE56DCC-E27C-4C3C-BB0D-5F7001D5EC5D}.Release|x86.Build.0 = Release|Any CPU
		{98A534AC-6507-4978-B15A-A5407BFA8E72}.Debug|Any CPU.ActiveCfg = Debug|Any CPU
		{98A534AC-6507-4978-B15A-A5407BFA8E72}.Debug|Any CPU.Build.0 = Debug|Any CPU
		{98A534AC-6507-4978-B15A-A5407BFA8E72}.Debug|ARM64.ActiveCfg = Debug|Any CPU
		{98A534AC-6507-4978-B15A-A5407BFA8E72}.Debug|ARM64.Build.0 = Debug|Any CPU
		{98A534AC-6507-4978-B15A-A5407BFA8E72}.Debug|x64.ActiveCfg = Debug|Any CPU
		{98A534AC-6507-4978-B15A-A5407BFA8E72}.Debug|x64.Build.0 = Debug|Any CPU
		{98A534AC-6507-4978-B15A-A5407BFA8E72}.Debug|x86.ActiveCfg = Debug|Any CPU
		{98A534AC-6507-4978-B15A-A5407BFA8E72}.Debug|x86.Build.0 = Debug|Any CPU
		{98A534AC-6507-4978-B15A-A5407BFA8E72}.Release|Any CPU.ActiveCfg = Release|Any CPU
		{98A534AC-6507-4978-B15A-A5407BFA8E72}.Release|Any CPU.Build.0 = Release|Any CPU
		{98A534AC-6507-4978-B15A-A5407BFA8E72}.Release|ARM64.ActiveCfg = Release|Any CPU
		{98A534AC-6507-4978-B15A-A5407BFA8E72}.Release|ARM64.Build.0 = Release|Any CPU
		{98A534AC-6507-4978-B15A-A5407BFA8E72}.Release|x64.ActiveCfg = Release|Any CPU
		{98A534AC-6507-4978-B15A-A5407BFA8E72}.Release|x64.Build.0 = Release|Any CPU
		{98A534AC-6507-4978-B15A-A5407BFA8E72}.Release|x86.ActiveCfg = Release|Any CPU
		{98A534AC-6507-4978-B15A-A5407BFA8E72}.Release|x86.Build.0 = Release|Any CPU
		{A7A66D10-7459-4B18-AF9B-BC585F4B6845}.Debug|Any CPU.ActiveCfg = Debug|Any CPU
		{A7A66D10-7459-4B18-AF9B-BC585F4B6845}.Debug|Any CPU.Build.0 = Debug|Any CPU
		{A7A66D10-7459-4B18-AF9B-BC585F4B6845}.Debug|ARM64.ActiveCfg = Debug|Any CPU
		{A7A66D10-7459-4B18-AF9B-BC585F4B6845}.Debug|ARM64.Build.0 = Debug|Any CPU
		{A7A66D10-7459-4B18-AF9B-BC585F4B6845}.Debug|x64.ActiveCfg = Debug|Any CPU
		{A7A66D10-7459-4B18-AF9B-BC585F4B6845}.Debug|x64.Build.0 = Debug|Any CPU
		{A7A66D10-7459-4B18-AF9B-BC585F4B6845}.Debug|x86.ActiveCfg = Debug|Any CPU
		{A7A66D10-7459-4B18-AF9B-BC585F4B6845}.Debug|x86.Build.0 = Debug|Any CPU
		{A7A66D10-7459-4B18-AF9B-BC585F4B6845}.Release|Any CPU.ActiveCfg = Release|Any CPU
		{A7A66D10-7459-4B18-AF9B-BC585F4B6845}.Release|Any CPU.Build.0 = Release|Any CPU
		{A7A66D10-7459-4B18-AF9B-BC585F4B6845}.Release|ARM64.ActiveCfg = Release|Any CPU
		{A7A66D10-7459-4B18-AF9B-BC585F4B6845}.Release|ARM64.Build.0 = Release|Any CPU
		{A7A66D10-7459-4B18-AF9B-BC585F4B6845}.Release|x64.ActiveCfg = Release|Any CPU
		{A7A66D10-7459-4B18-AF9B-BC585F4B6845}.Release|x64.Build.0 = Release|Any CPU
		{A7A66D10-7459-4B18-AF9B-BC585F4B6845}.Release|x86.ActiveCfg = Release|Any CPU
		{A7A66D10-7459-4B18-AF9B-BC585F4B6845}.Release|x86.Build.0 = Release|Any CPU
		{62C017EB-4CFB-495B-BCDF-6B5ACB465420}.Debug|Any CPU.ActiveCfg = Debug|Any CPU
		{62C017EB-4CFB-495B-BCDF-6B5ACB465420}.Debug|Any CPU.Build.0 = Debug|Any CPU
		{62C017EB-4CFB-495B-BCDF-6B5ACB465420}.Debug|ARM64.ActiveCfg = Debug|Any CPU
		{62C017EB-4CFB-495B-BCDF-6B5ACB465420}.Debug|ARM64.Build.0 = Debug|Any CPU
		{62C017EB-4CFB-495B-BCDF-6B5ACB465420}.Debug|x64.ActiveCfg = Debug|Any CPU
		{62C017EB-4CFB-495B-BCDF-6B5ACB465420}.Debug|x64.Build.0 = Debug|Any CPU
		{62C017EB-4CFB-495B-BCDF-6B5ACB465420}.Debug|x86.ActiveCfg = Debug|Any CPU
		{62C017EB-4CFB-495B-BCDF-6B5ACB465420}.Debug|x86.Build.0 = Debug|Any CPU
		{62C017EB-4CFB-495B-BCDF-6B5ACB465420}.Release|Any CPU.ActiveCfg = Release|Any CPU
		{62C017EB-4CFB-495B-BCDF-6B5ACB465420}.Release|Any CPU.Build.0 = Release|Any CPU
		{62C017EB-4CFB-495B-BCDF-6B5ACB465420}.Release|ARM64.ActiveCfg = Release|Any CPU
		{62C017EB-4CFB-495B-BCDF-6B5ACB465420}.Release|ARM64.Build.0 = Release|Any CPU
		{62C017EB-4CFB-495B-BCDF-6B5ACB465420}.Release|x64.ActiveCfg = Release|Any CPU
		{62C017EB-4CFB-495B-BCDF-6B5ACB465420}.Release|x64.Build.0 = Release|Any CPU
		{62C017EB-4CFB-495B-BCDF-6B5ACB465420}.Release|x86.ActiveCfg = Release|Any CPU
		{62C017EB-4CFB-495B-BCDF-6B5ACB465420}.Release|x86.Build.0 = Release|Any CPU
		{9EE2C839-D4FD-4880-BBF5-80B598CCB6BE}.Debug|Any CPU.ActiveCfg = Debug|Any CPU
		{9EE2C839-D4FD-4880-BBF5-80B598CCB6BE}.Debug|Any CPU.Build.0 = Debug|Any CPU
		{9EE2C839-D4FD-4880-BBF5-80B598CCB6BE}.Debug|ARM64.ActiveCfg = Debug|Any CPU
		{9EE2C839-D4FD-4880-BBF5-80B598CCB6BE}.Debug|ARM64.Build.0 = Debug|Any CPU
		{9EE2C839-D4FD-4880-BBF5-80B598CCB6BE}.Debug|x64.ActiveCfg = Debug|Any CPU
		{9EE2C839-D4FD-4880-BBF5-80B598CCB6BE}.Debug|x64.Build.0 = Debug|Any CPU
		{9EE2C839-D4FD-4880-BBF5-80B598CCB6BE}.Debug|x86.ActiveCfg = Debug|Any CPU
		{9EE2C839-D4FD-4880-BBF5-80B598CCB6BE}.Debug|x86.Build.0 = Debug|Any CPU
		{9EE2C839-D4FD-4880-BBF5-80B598CCB6BE}.Release|Any CPU.ActiveCfg = Release|Any CPU
		{9EE2C839-D4FD-4880-BBF5-80B598CCB6BE}.Release|Any CPU.Build.0 = Release|Any CPU
		{9EE2C839-D4FD-4880-BBF5-80B598CCB6BE}.Release|ARM64.ActiveCfg = Release|Any CPU
		{9EE2C839-D4FD-4880-BBF5-80B598CCB6BE}.Release|ARM64.Build.0 = Release|Any CPU
		{9EE2C839-D4FD-4880-BBF5-80B598CCB6BE}.Release|x64.ActiveCfg = Release|Any CPU
		{9EE2C839-D4FD-4880-BBF5-80B598CCB6BE}.Release|x64.Build.0 = Release|Any CPU
		{9EE2C839-D4FD-4880-BBF5-80B598CCB6BE}.Release|x86.ActiveCfg = Release|Any CPU
		{9EE2C839-D4FD-4880-BBF5-80B598CCB6BE}.Release|x86.Build.0 = Release|Any CPU
		{4DFBA97C-3D21-49CA-A298-709EFE41CE41}.Debug|Any CPU.ActiveCfg = Debug|x64
		{4DFBA97C-3D21-49CA-A298-709EFE41CE41}.Debug|Any CPU.Build.0 = Debug|x64
		{4DFBA97C-3D21-49CA-A298-709EFE41CE41}.Debug|Any CPU.Deploy.0 = Debug|x64
		{4DFBA97C-3D21-49CA-A298-709EFE41CE41}.Debug|ARM64.ActiveCfg = Debug|ARM64
		{4DFBA97C-3D21-49CA-A298-709EFE41CE41}.Debug|ARM64.Build.0 = Debug|ARM64
		{4DFBA97C-3D21-49CA-A298-709EFE41CE41}.Debug|ARM64.Deploy.0 = Debug|ARM64
		{4DFBA97C-3D21-49CA-A298-709EFE41CE41}.Debug|x64.ActiveCfg = Debug|x64
		{4DFBA97C-3D21-49CA-A298-709EFE41CE41}.Debug|x64.Build.0 = Debug|x64
		{4DFBA97C-3D21-49CA-A298-709EFE41CE41}.Debug|x64.Deploy.0 = Debug|x64
		{4DFBA97C-3D21-49CA-A298-709EFE41CE41}.Debug|x86.ActiveCfg = Debug|x86
		{4DFBA97C-3D21-49CA-A298-709EFE41CE41}.Debug|x86.Build.0 = Debug|x86
		{4DFBA97C-3D21-49CA-A298-709EFE41CE41}.Debug|x86.Deploy.0 = Debug|x86
		{4DFBA97C-3D21-49CA-A298-709EFE41CE41}.Release|Any CPU.ActiveCfg = Release|x64
		{4DFBA97C-3D21-49CA-A298-709EFE41CE41}.Release|Any CPU.Build.0 = Release|x64
		{4DFBA97C-3D21-49CA-A298-709EFE41CE41}.Release|Any CPU.Deploy.0 = Release|x64
		{4DFBA97C-3D21-49CA-A298-709EFE41CE41}.Release|ARM64.ActiveCfg = Release|ARM64
		{4DFBA97C-3D21-49CA-A298-709EFE41CE41}.Release|ARM64.Build.0 = Release|ARM64
		{4DFBA97C-3D21-49CA-A298-709EFE41CE41}.Release|ARM64.Deploy.0 = Release|ARM64
		{4DFBA97C-3D21-49CA-A298-709EFE41CE41}.Release|x64.ActiveCfg = Release|x64
		{4DFBA97C-3D21-49CA-A298-709EFE41CE41}.Release|x64.Build.0 = Release|x64
		{4DFBA97C-3D21-49CA-A298-709EFE41CE41}.Release|x64.Deploy.0 = Release|x64
		{4DFBA97C-3D21-49CA-A298-709EFE41CE41}.Release|x86.ActiveCfg = Release|x86
		{4DFBA97C-3D21-49CA-A298-709EFE41CE41}.Release|x86.Build.0 = Release|x86
		{4DFBA97C-3D21-49CA-A298-709EFE41CE41}.Release|x86.Deploy.0 = Release|x86
		{8EDE0BB3-AD84-4E38-B9FA-4E192AD6DB35}.Debug|Any CPU.ActiveCfg = Debug|Any CPU
		{8EDE0BB3-AD84-4E38-B9FA-4E192AD6DB35}.Debug|Any CPU.Build.0 = Debug|Any CPU
		{8EDE0BB3-AD84-4E38-B9FA-4E192AD6DB35}.Debug|ARM64.ActiveCfg = Debug|Any CPU
		{8EDE0BB3-AD84-4E38-B9FA-4E192AD6DB35}.Debug|ARM64.Build.0 = Debug|Any CPU
		{8EDE0BB3-AD84-4E38-B9FA-4E192AD6DB35}.Debug|x64.ActiveCfg = Debug|Any CPU
		{8EDE0BB3-AD84-4E38-B9FA-4E192AD6DB35}.Debug|x64.Build.0 = Debug|Any CPU
		{8EDE0BB3-AD84-4E38-B9FA-4E192AD6DB35}.Debug|x86.ActiveCfg = Debug|Any CPU
		{8EDE0BB3-AD84-4E38-B9FA-4E192AD6DB35}.Debug|x86.Build.0 = Debug|Any CPU
		{8EDE0BB3-AD84-4E38-B9FA-4E192AD6DB35}.Release|Any CPU.ActiveCfg = Release|Any CPU
		{8EDE0BB3-AD84-4E38-B9FA-4E192AD6DB35}.Release|Any CPU.Build.0 = Release|Any CPU
		{8EDE0BB3-AD84-4E38-B9FA-4E192AD6DB35}.Release|ARM64.ActiveCfg = Release|Any CPU
		{8EDE0BB3-AD84-4E38-B9FA-4E192AD6DB35}.Release|ARM64.Build.0 = Release|Any CPU
		{8EDE0BB3-AD84-4E38-B9FA-4E192AD6DB35}.Release|x64.ActiveCfg = Release|Any CPU
		{8EDE0BB3-AD84-4E38-B9FA-4E192AD6DB35}.Release|x64.Build.0 = Release|Any CPU
		{8EDE0BB3-AD84-4E38-B9FA-4E192AD6DB35}.Release|x86.ActiveCfg = Release|Any CPU
		{8EDE0BB3-AD84-4E38-B9FA-4E192AD6DB35}.Release|x86.Build.0 = Release|Any CPU
		{0C26F12E-629E-478C-B553-F6BE683A568C}.Debug|Any CPU.ActiveCfg = Debug|Any CPU
		{0C26F12E-629E-478C-B553-F6BE683A568C}.Debug|Any CPU.Build.0 = Debug|Any CPU
		{0C26F12E-629E-478C-B553-F6BE683A568C}.Debug|ARM64.ActiveCfg = Debug|Any CPU
		{0C26F12E-629E-478C-B553-F6BE683A568C}.Debug|ARM64.Build.0 = Debug|Any CPU
		{0C26F12E-629E-478C-B553-F6BE683A568C}.Debug|x64.ActiveCfg = Debug|Any CPU
		{0C26F12E-629E-478C-B553-F6BE683A568C}.Debug|x64.Build.0 = Debug|Any CPU
		{0C26F12E-629E-478C-B553-F6BE683A568C}.Debug|x86.ActiveCfg = Debug|Any CPU
		{0C26F12E-629E-478C-B553-F6BE683A568C}.Debug|x86.Build.0 = Debug|Any CPU
		{0C26F12E-629E-478C-B553-F6BE683A568C}.Release|Any CPU.ActiveCfg = Release|Any CPU
		{0C26F12E-629E-478C-B553-F6BE683A568C}.Release|Any CPU.Build.0 = Release|Any CPU
		{0C26F12E-629E-478C-B553-F6BE683A568C}.Release|ARM64.ActiveCfg = Release|Any CPU
		{0C26F12E-629E-478C-B553-F6BE683A568C}.Release|ARM64.Build.0 = Release|Any CPU
		{0C26F12E-629E-478C-B553-F6BE683A568C}.Release|x64.ActiveCfg = Release|Any CPU
		{0C26F12E-629E-478C-B553-F6BE683A568C}.Release|x64.Build.0 = Release|Any CPU
		{0C26F12E-629E-478C-B553-F6BE683A568C}.Release|x86.ActiveCfg = Release|Any CPU
		{0C26F12E-629E-478C-B553-F6BE683A568C}.Release|x86.Build.0 = Release|Any CPU
		{D690E6B2-538E-45DE-99A3-FE920111AC8A}.Debug|Any CPU.ActiveCfg = Debug|Any CPU
		{D690E6B2-538E-45DE-99A3-FE920111AC8A}.Debug|Any CPU.Build.0 = Debug|Any CPU
		{D690E6B2-538E-45DE-99A3-FE920111AC8A}.Debug|ARM64.ActiveCfg = Debug|Any CPU
		{D690E6B2-538E-45DE-99A3-FE920111AC8A}.Debug|ARM64.Build.0 = Debug|Any CPU
		{D690E6B2-538E-45DE-99A3-FE920111AC8A}.Debug|x64.ActiveCfg = Debug|Any CPU
		{D690E6B2-538E-45DE-99A3-FE920111AC8A}.Debug|x64.Build.0 = Debug|Any CPU
		{D690E6B2-538E-45DE-99A3-FE920111AC8A}.Debug|x86.ActiveCfg = Debug|Any CPU
		{D690E6B2-538E-45DE-99A3-FE920111AC8A}.Debug|x86.Build.0 = Debug|Any CPU
		{D690E6B2-538E-45DE-99A3-FE920111AC8A}.Release|Any CPU.ActiveCfg = Release|Any CPU
		{D690E6B2-538E-45DE-99A3-FE920111AC8A}.Release|Any CPU.Build.0 = Release|Any CPU
		{D690E6B2-538E-45DE-99A3-FE920111AC8A}.Release|ARM64.ActiveCfg = Release|Any CPU
		{D690E6B2-538E-45DE-99A3-FE920111AC8A}.Release|ARM64.Build.0 = Release|Any CPU
		{D690E6B2-538E-45DE-99A3-FE920111AC8A}.Release|x64.ActiveCfg = Release|Any CPU
		{D690E6B2-538E-45DE-99A3-FE920111AC8A}.Release|x64.Build.0 = Release|Any CPU
		{D690E6B2-538E-45DE-99A3-FE920111AC8A}.Release|x86.ActiveCfg = Release|Any CPU
		{D690E6B2-538E-45DE-99A3-FE920111AC8A}.Release|x86.Build.0 = Release|Any CPU
		{0DD55A96-9CA9-4B76-834F-F4C631765143}.Debug|Any CPU.ActiveCfg = Debug|Any CPU
		{0DD55A96-9CA9-4B76-834F-F4C631765143}.Debug|Any CPU.Build.0 = Debug|Any CPU
		{0DD55A96-9CA9-4B76-834F-F4C631765143}.Debug|ARM64.ActiveCfg = Debug|Any CPU
		{0DD55A96-9CA9-4B76-834F-F4C631765143}.Debug|ARM64.Build.0 = Debug|Any CPU
		{0DD55A96-9CA9-4B76-834F-F4C631765143}.Debug|x64.ActiveCfg = Debug|Any CPU
		{0DD55A96-9CA9-4B76-834F-F4C631765143}.Debug|x64.Build.0 = Debug|Any CPU
		{0DD55A96-9CA9-4B76-834F-F4C631765143}.Debug|x86.ActiveCfg = Debug|Any CPU
		{0DD55A96-9CA9-4B76-834F-F4C631765143}.Debug|x86.Build.0 = Debug|Any CPU
		{0DD55A96-9CA9-4B76-834F-F4C631765143}.Release|Any CPU.ActiveCfg = Release|Any CPU
		{0DD55A96-9CA9-4B76-834F-F4C631765143}.Release|Any CPU.Build.0 = Release|Any CPU
		{0DD55A96-9CA9-4B76-834F-F4C631765143}.Release|ARM64.ActiveCfg = Release|Any CPU
		{0DD55A96-9CA9-4B76-834F-F4C631765143}.Release|ARM64.Build.0 = Release|Any CPU
		{0DD55A96-9CA9-4B76-834F-F4C631765143}.Release|x64.ActiveCfg = Release|Any CPU
		{0DD55A96-9CA9-4B76-834F-F4C631765143}.Release|x64.Build.0 = Release|Any CPU
		{0DD55A96-9CA9-4B76-834F-F4C631765143}.Release|x86.ActiveCfg = Release|Any CPU
		{0DD55A96-9CA9-4B76-834F-F4C631765143}.Release|x86.Build.0 = Release|Any CPU
		{34DF0699-2EA2-4E91-A087-B706BB5DF541}.Debug|Any CPU.ActiveCfg = Debug|Any CPU
		{34DF0699-2EA2-4E91-A087-B706BB5DF541}.Debug|Any CPU.Build.0 = Debug|Any CPU
		{34DF0699-2EA2-4E91-A087-B706BB5DF541}.Debug|ARM64.ActiveCfg = Debug|Any CPU
		{34DF0699-2EA2-4E91-A087-B706BB5DF541}.Debug|ARM64.Build.0 = Debug|Any CPU
		{34DF0699-2EA2-4E91-A087-B706BB5DF541}.Debug|x64.ActiveCfg = Debug|Any CPU
		{34DF0699-2EA2-4E91-A087-B706BB5DF541}.Debug|x64.Build.0 = Debug|Any CPU
		{34DF0699-2EA2-4E91-A087-B706BB5DF541}.Debug|x86.ActiveCfg = Debug|Any CPU
		{34DF0699-2EA2-4E91-A087-B706BB5DF541}.Debug|x86.Build.0 = Debug|Any CPU
		{34DF0699-2EA2-4E91-A087-B706BB5DF541}.Release|Any CPU.ActiveCfg = Release|Any CPU
		{34DF0699-2EA2-4E91-A087-B706BB5DF541}.Release|Any CPU.Build.0 = Release|Any CPU
		{34DF0699-2EA2-4E91-A087-B706BB5DF541}.Release|ARM64.ActiveCfg = Release|Any CPU
		{34DF0699-2EA2-4E91-A087-B706BB5DF541}.Release|ARM64.Build.0 = Release|Any CPU
		{34DF0699-2EA2-4E91-A087-B706BB5DF541}.Release|x64.ActiveCfg = Release|Any CPU
		{34DF0699-2EA2-4E91-A087-B706BB5DF541}.Release|x64.Build.0 = Release|Any CPU
		{34DF0699-2EA2-4E91-A087-B706BB5DF541}.Release|x86.ActiveCfg = Release|Any CPU
		{34DF0699-2EA2-4E91-A087-B706BB5DF541}.Release|x86.Build.0 = Release|Any CPU
		{F2F9C88E-623F-49E5-A5B4-BE27645DE4DC}.Debug|Any CPU.ActiveCfg = Debug|Any CPU
		{F2F9C88E-623F-49E5-A5B4-BE27645DE4DC}.Debug|Any CPU.Build.0 = Debug|Any CPU
		{F2F9C88E-623F-49E5-A5B4-BE27645DE4DC}.Debug|ARM64.ActiveCfg = Debug|Any CPU
		{F2F9C88E-623F-49E5-A5B4-BE27645DE4DC}.Debug|ARM64.Build.0 = Debug|Any CPU
		{F2F9C88E-623F-49E5-A5B4-BE27645DE4DC}.Debug|x64.ActiveCfg = Debug|Any CPU
		{F2F9C88E-623F-49E5-A5B4-BE27645DE4DC}.Debug|x64.Build.0 = Debug|Any CPU
		{F2F9C88E-623F-49E5-A5B4-BE27645DE4DC}.Debug|x86.ActiveCfg = Debug|Any CPU
		{F2F9C88E-623F-49E5-A5B4-BE27645DE4DC}.Debug|x86.Build.0 = Debug|Any CPU
		{F2F9C88E-623F-49E5-A5B4-BE27645DE4DC}.Release|Any CPU.ActiveCfg = Release|Any CPU
		{F2F9C88E-623F-49E5-A5B4-BE27645DE4DC}.Release|Any CPU.Build.0 = Release|Any CPU
		{F2F9C88E-623F-49E5-A5B4-BE27645DE4DC}.Release|ARM64.ActiveCfg = Release|Any CPU
		{F2F9C88E-623F-49E5-A5B4-BE27645DE4DC}.Release|ARM64.Build.0 = Release|Any CPU
		{F2F9C88E-623F-49E5-A5B4-BE27645DE4DC}.Release|x64.ActiveCfg = Release|Any CPU
		{F2F9C88E-623F-49E5-A5B4-BE27645DE4DC}.Release|x64.Build.0 = Release|Any CPU
		{F2F9C88E-623F-49E5-A5B4-BE27645DE4DC}.Release|x86.ActiveCfg = Release|Any CPU
		{F2F9C88E-623F-49E5-A5B4-BE27645DE4DC}.Release|x86.Build.0 = Release|Any CPU
		{E01CAB26-8976-430B-99E7-DA9E9DF999B3}.Debug|Any CPU.ActiveCfg = Debug|Any CPU
		{E01CAB26-8976-430B-99E7-DA9E9DF999B3}.Debug|Any CPU.Build.0 = Debug|Any CPU
		{E01CAB26-8976-430B-99E7-DA9E9DF999B3}.Debug|ARM64.ActiveCfg = Debug|Any CPU
		{E01CAB26-8976-430B-99E7-DA9E9DF999B3}.Debug|ARM64.Build.0 = Debug|Any CPU
		{E01CAB26-8976-430B-99E7-DA9E9DF999B3}.Debug|x64.ActiveCfg = Debug|Any CPU
		{E01CAB26-8976-430B-99E7-DA9E9DF999B3}.Debug|x64.Build.0 = Debug|Any CPU
		{E01CAB26-8976-430B-99E7-DA9E9DF999B3}.Debug|x86.ActiveCfg = Debug|Any CPU
		{E01CAB26-8976-430B-99E7-DA9E9DF999B3}.Debug|x86.Build.0 = Debug|Any CPU
		{E01CAB26-8976-430B-99E7-DA9E9DF999B3}.Release|Any CPU.ActiveCfg = Release|Any CPU
		{E01CAB26-8976-430B-99E7-DA9E9DF999B3}.Release|Any CPU.Build.0 = Release|Any CPU
		{E01CAB26-8976-430B-99E7-DA9E9DF999B3}.Release|ARM64.ActiveCfg = Release|Any CPU
		{E01CAB26-8976-430B-99E7-DA9E9DF999B3}.Release|ARM64.Build.0 = Release|Any CPU
		{E01CAB26-8976-430B-99E7-DA9E9DF999B3}.Release|x64.ActiveCfg = Release|Any CPU
		{E01CAB26-8976-430B-99E7-DA9E9DF999B3}.Release|x64.Build.0 = Release|Any CPU
		{E01CAB26-8976-430B-99E7-DA9E9DF999B3}.Release|x86.ActiveCfg = Release|Any CPU
		{E01CAB26-8976-430B-99E7-DA9E9DF999B3}.Release|x86.Build.0 = Release|Any CPU
		{7A1AF82E-4F1D-4E9A-AEC0-3929404C35A6}.Debug|Any CPU.ActiveCfg = Debug|x64
		{7A1AF82E-4F1D-4E9A-AEC0-3929404C35A6}.Debug|Any CPU.Build.0 = Debug|x64
		{7A1AF82E-4F1D-4E9A-AEC0-3929404C35A6}.Debug|Any CPU.Deploy.0 = Debug|x64
		{7A1AF82E-4F1D-4E9A-AEC0-3929404C35A6}.Debug|ARM64.ActiveCfg = Debug|ARM64
		{7A1AF82E-4F1D-4E9A-AEC0-3929404C35A6}.Debug|ARM64.Build.0 = Debug|ARM64
		{7A1AF82E-4F1D-4E9A-AEC0-3929404C35A6}.Debug|ARM64.Deploy.0 = Debug|ARM64
		{7A1AF82E-4F1D-4E9A-AEC0-3929404C35A6}.Debug|x64.ActiveCfg = Debug|x64
		{7A1AF82E-4F1D-4E9A-AEC0-3929404C35A6}.Debug|x64.Build.0 = Debug|x64
		{7A1AF82E-4F1D-4E9A-AEC0-3929404C35A6}.Debug|x64.Deploy.0 = Debug|x64
		{7A1AF82E-4F1D-4E9A-AEC0-3929404C35A6}.Debug|x86.ActiveCfg = Debug|x86
		{7A1AF82E-4F1D-4E9A-AEC0-3929404C35A6}.Debug|x86.Build.0 = Debug|x86
		{7A1AF82E-4F1D-4E9A-AEC0-3929404C35A6}.Debug|x86.Deploy.0 = Debug|x86
		{7A1AF82E-4F1D-4E9A-AEC0-3929404C35A6}.Release|Any CPU.ActiveCfg = Release|x64
		{7A1AF82E-4F1D-4E9A-AEC0-3929404C35A6}.Release|Any CPU.Build.0 = Release|x64
		{7A1AF82E-4F1D-4E9A-AEC0-3929404C35A6}.Release|Any CPU.Deploy.0 = Release|x64
		{7A1AF82E-4F1D-4E9A-AEC0-3929404C35A6}.Release|ARM64.ActiveCfg = Release|ARM64
		{7A1AF82E-4F1D-4E9A-AEC0-3929404C35A6}.Release|ARM64.Build.0 = Release|ARM64
		{7A1AF82E-4F1D-4E9A-AEC0-3929404C35A6}.Release|ARM64.Deploy.0 = Release|ARM64
		{7A1AF82E-4F1D-4E9A-AEC0-3929404C35A6}.Release|x64.ActiveCfg = Release|x64
		{7A1AF82E-4F1D-4E9A-AEC0-3929404C35A6}.Release|x64.Build.0 = Release|x64
		{7A1AF82E-4F1D-4E9A-AEC0-3929404C35A6}.Release|x64.Deploy.0 = Release|x64
		{7A1AF82E-4F1D-4E9A-AEC0-3929404C35A6}.Release|x86.ActiveCfg = Release|x86
		{7A1AF82E-4F1D-4E9A-AEC0-3929404C35A6}.Release|x86.Build.0 = Release|x86
		{7A1AF82E-4F1D-4E9A-AEC0-3929404C35A6}.Release|x86.Deploy.0 = Release|x86
		{310B664F-159C-433F-A2F6-63252A85BA65}.Debug|Any CPU.ActiveCfg = Debug|Any CPU
		{310B664F-159C-433F-A2F6-63252A85BA65}.Debug|Any CPU.Build.0 = Debug|Any CPU
		{310B664F-159C-433F-A2F6-63252A85BA65}.Debug|ARM64.ActiveCfg = Debug|Any CPU
		{310B664F-159C-433F-A2F6-63252A85BA65}.Debug|ARM64.Build.0 = Debug|Any CPU
		{310B664F-159C-433F-A2F6-63252A85BA65}.Debug|x64.ActiveCfg = Debug|Any CPU
		{310B664F-159C-433F-A2F6-63252A85BA65}.Debug|x64.Build.0 = Debug|Any CPU
		{310B664F-159C-433F-A2F6-63252A85BA65}.Debug|x86.ActiveCfg = Debug|Any CPU
		{310B664F-159C-433F-A2F6-63252A85BA65}.Debug|x86.Build.0 = Debug|Any CPU
		{310B664F-159C-433F-A2F6-63252A85BA65}.Release|Any CPU.ActiveCfg = Release|Any CPU
		{310B664F-159C-433F-A2F6-63252A85BA65}.Release|Any CPU.Build.0 = Release|Any CPU
		{310B664F-159C-433F-A2F6-63252A85BA65}.Release|ARM64.ActiveCfg = Release|Any CPU
		{310B664F-159C-433F-A2F6-63252A85BA65}.Release|ARM64.Build.0 = Release|Any CPU
		{310B664F-159C-433F-A2F6-63252A85BA65}.Release|x64.ActiveCfg = Release|Any CPU
		{310B664F-159C-433F-A2F6-63252A85BA65}.Release|x64.Build.0 = Release|Any CPU
		{310B664F-159C-433F-A2F6-63252A85BA65}.Release|x86.ActiveCfg = Release|Any CPU
		{310B664F-159C-433F-A2F6-63252A85BA65}.Release|x86.Build.0 = Release|Any CPU
		{1A7492D7-A7BF-42A6-9C0A-C1F81DADF314}.Debug|Any CPU.ActiveCfg = Debug|Any CPU
		{1A7492D7-A7BF-42A6-9C0A-C1F81DADF314}.Debug|Any CPU.Build.0 = Debug|Any CPU
		{1A7492D7-A7BF-42A6-9C0A-C1F81DADF314}.Debug|ARM64.ActiveCfg = Debug|Any CPU
		{1A7492D7-A7BF-42A6-9C0A-C1F81DADF314}.Debug|ARM64.Build.0 = Debug|Any CPU
		{1A7492D7-A7BF-42A6-9C0A-C1F81DADF314}.Debug|x64.ActiveCfg = Debug|Any CPU
		{1A7492D7-A7BF-42A6-9C0A-C1F81DADF314}.Debug|x64.Build.0 = Debug|Any CPU
		{1A7492D7-A7BF-42A6-9C0A-C1F81DADF314}.Debug|x86.ActiveCfg = Debug|Any CPU
		{1A7492D7-A7BF-42A6-9C0A-C1F81DADF314}.Debug|x86.Build.0 = Debug|Any CPU
		{1A7492D7-A7BF-42A6-9C0A-C1F81DADF314}.Release|Any CPU.ActiveCfg = Release|Any CPU
		{1A7492D7-A7BF-42A6-9C0A-C1F81DADF314}.Release|Any CPU.Build.0 = Release|Any CPU
		{1A7492D7-A7BF-42A6-9C0A-C1F81DADF314}.Release|ARM64.ActiveCfg = Release|Any CPU
		{1A7492D7-A7BF-42A6-9C0A-C1F81DADF314}.Release|ARM64.Build.0 = Release|Any CPU
		{1A7492D7-A7BF-42A6-9C0A-C1F81DADF314}.Release|x64.ActiveCfg = Release|Any CPU
		{1A7492D7-A7BF-42A6-9C0A-C1F81DADF314}.Release|x64.Build.0 = Release|Any CPU
		{1A7492D7-A7BF-42A6-9C0A-C1F81DADF314}.Release|x86.ActiveCfg = Release|Any CPU
		{1A7492D7-A7BF-42A6-9C0A-C1F81DADF314}.Release|x86.Build.0 = Release|Any CPU
		{6C921291-330B-4AED-84EA-DC908458F005}.Debug|Any CPU.ActiveCfg = Debug|Any CPU
		{6C921291-330B-4AED-84EA-DC908458F005}.Debug|Any CPU.Build.0 = Debug|Any CPU
		{6C921291-330B-4AED-84EA-DC908458F005}.Debug|ARM64.ActiveCfg = Debug|Any CPU
		{6C921291-330B-4AED-84EA-DC908458F005}.Debug|ARM64.Build.0 = Debug|Any CPU
		{6C921291-330B-4AED-84EA-DC908458F005}.Debug|x64.ActiveCfg = Debug|Any CPU
		{6C921291-330B-4AED-84EA-DC908458F005}.Debug|x64.Build.0 = Debug|Any CPU
		{6C921291-330B-4AED-84EA-DC908458F005}.Debug|x86.ActiveCfg = Debug|Any CPU
		{6C921291-330B-4AED-84EA-DC908458F005}.Debug|x86.Build.0 = Debug|Any CPU
		{6C921291-330B-4AED-84EA-DC908458F005}.Release|Any CPU.ActiveCfg = Release|Any CPU
		{6C921291-330B-4AED-84EA-DC908458F005}.Release|Any CPU.Build.0 = Release|Any CPU
		{6C921291-330B-4AED-84EA-DC908458F005}.Release|ARM64.ActiveCfg = Release|Any CPU
		{6C921291-330B-4AED-84EA-DC908458F005}.Release|ARM64.Build.0 = Release|Any CPU
		{6C921291-330B-4AED-84EA-DC908458F005}.Release|x64.ActiveCfg = Release|Any CPU
		{6C921291-330B-4AED-84EA-DC908458F005}.Release|x64.Build.0 = Release|Any CPU
		{6C921291-330B-4AED-84EA-DC908458F005}.Release|x86.ActiveCfg = Release|Any CPU
		{6C921291-330B-4AED-84EA-DC908458F005}.Release|x86.Build.0 = Release|Any CPU
		{61BCE1B5-D6CD-473A-84A8-9665C347DD55}.Debug|Any CPU.ActiveCfg = Debug|Any CPU
		{61BCE1B5-D6CD-473A-84A8-9665C347DD55}.Debug|Any CPU.Build.0 = Debug|Any CPU
		{61BCE1B5-D6CD-473A-84A8-9665C347DD55}.Debug|ARM64.ActiveCfg = Debug|Any CPU
		{61BCE1B5-D6CD-473A-84A8-9665C347DD55}.Debug|ARM64.Build.0 = Debug|Any CPU
		{61BCE1B5-D6CD-473A-84A8-9665C347DD55}.Debug|x64.ActiveCfg = Debug|Any CPU
		{61BCE1B5-D6CD-473A-84A8-9665C347DD55}.Debug|x64.Build.0 = Debug|Any CPU
		{61BCE1B5-D6CD-473A-84A8-9665C347DD55}.Debug|x86.ActiveCfg = Debug|Any CPU
		{61BCE1B5-D6CD-473A-84A8-9665C347DD55}.Debug|x86.Build.0 = Debug|Any CPU
		{61BCE1B5-D6CD-473A-84A8-9665C347DD55}.Release|Any CPU.ActiveCfg = Release|Any CPU
		{61BCE1B5-D6CD-473A-84A8-9665C347DD55}.Release|Any CPU.Build.0 = Release|Any CPU
		{61BCE1B5-D6CD-473A-84A8-9665C347DD55}.Release|ARM64.ActiveCfg = Release|Any CPU
		{61BCE1B5-D6CD-473A-84A8-9665C347DD55}.Release|ARM64.Build.0 = Release|Any CPU
		{61BCE1B5-D6CD-473A-84A8-9665C347DD55}.Release|x64.ActiveCfg = Release|Any CPU
		{61BCE1B5-D6CD-473A-84A8-9665C347DD55}.Release|x64.Build.0 = Release|Any CPU
		{61BCE1B5-D6CD-473A-84A8-9665C347DD55}.Release|x86.ActiveCfg = Release|Any CPU
		{61BCE1B5-D6CD-473A-84A8-9665C347DD55}.Release|x86.Build.0 = Release|Any CPU
		{062614F1-84D3-4529-A1D4-2532A3E5340C}.Debug|Any CPU.ActiveCfg = Debug|Any CPU
		{062614F1-84D3-4529-A1D4-2532A3E5340C}.Debug|Any CPU.Build.0 = Debug|Any CPU
		{062614F1-84D3-4529-A1D4-2532A3E5340C}.Debug|ARM64.ActiveCfg = Debug|Any CPU
		{062614F1-84D3-4529-A1D4-2532A3E5340C}.Debug|ARM64.Build.0 = Debug|Any CPU
		{062614F1-84D3-4529-A1D4-2532A3E5340C}.Debug|x64.ActiveCfg = Debug|Any CPU
		{062614F1-84D3-4529-A1D4-2532A3E5340C}.Debug|x64.Build.0 = Debug|Any CPU
		{062614F1-84D3-4529-A1D4-2532A3E5340C}.Debug|x86.ActiveCfg = Debug|Any CPU
		{062614F1-84D3-4529-A1D4-2532A3E5340C}.Debug|x86.Build.0 = Debug|Any CPU
		{062614F1-84D3-4529-A1D4-2532A3E5340C}.Release|Any CPU.ActiveCfg = Release|Any CPU
		{062614F1-84D3-4529-A1D4-2532A3E5340C}.Release|Any CPU.Build.0 = Release|Any CPU
		{062614F1-84D3-4529-A1D4-2532A3E5340C}.Release|ARM64.ActiveCfg = Release|Any CPU
		{062614F1-84D3-4529-A1D4-2532A3E5340C}.Release|ARM64.Build.0 = Release|Any CPU
		{062614F1-84D3-4529-A1D4-2532A3E5340C}.Release|x64.ActiveCfg = Release|Any CPU
		{062614F1-84D3-4529-A1D4-2532A3E5340C}.Release|x64.Build.0 = Release|Any CPU
		{062614F1-84D3-4529-A1D4-2532A3E5340C}.Release|x86.ActiveCfg = Release|Any CPU
		{062614F1-84D3-4529-A1D4-2532A3E5340C}.Release|x86.Build.0 = Release|Any CPU
		{AE32F4D3-6576-40C0-94C8-F838E3649E2C}.Debug|Any CPU.ActiveCfg = Debug|Any CPU
		{AE32F4D3-6576-40C0-94C8-F838E3649E2C}.Debug|Any CPU.Build.0 = Debug|Any CPU
		{AE32F4D3-6576-40C0-94C8-F838E3649E2C}.Debug|ARM64.ActiveCfg = Debug|Any CPU
		{AE32F4D3-6576-40C0-94C8-F838E3649E2C}.Debug|ARM64.Build.0 = Debug|Any CPU
		{AE32F4D3-6576-40C0-94C8-F838E3649E2C}.Debug|x64.ActiveCfg = Debug|Any CPU
		{AE32F4D3-6576-40C0-94C8-F838E3649E2C}.Debug|x64.Build.0 = Debug|Any CPU
		{AE32F4D3-6576-40C0-94C8-F838E3649E2C}.Debug|x86.ActiveCfg = Debug|Any CPU
		{AE32F4D3-6576-40C0-94C8-F838E3649E2C}.Debug|x86.Build.0 = Debug|Any CPU
		{AE32F4D3-6576-40C0-94C8-F838E3649E2C}.Release|Any CPU.ActiveCfg = Release|Any CPU
		{AE32F4D3-6576-40C0-94C8-F838E3649E2C}.Release|Any CPU.Build.0 = Release|Any CPU
		{AE32F4D3-6576-40C0-94C8-F838E3649E2C}.Release|ARM64.ActiveCfg = Release|Any CPU
		{AE32F4D3-6576-40C0-94C8-F838E3649E2C}.Release|ARM64.Build.0 = Release|Any CPU
		{AE32F4D3-6576-40C0-94C8-F838E3649E2C}.Release|x64.ActiveCfg = Release|Any CPU
		{AE32F4D3-6576-40C0-94C8-F838E3649E2C}.Release|x64.Build.0 = Release|Any CPU
		{AE32F4D3-6576-40C0-94C8-F838E3649E2C}.Release|x86.ActiveCfg = Release|Any CPU
		{AE32F4D3-6576-40C0-94C8-F838E3649E2C}.Release|x86.Build.0 = Release|Any CPU
		{1AA11910-9BE3-48B1-AEF5-56EA11A56949}.Debug|Any CPU.ActiveCfg = Debug|x64
		{1AA11910-9BE3-48B1-AEF5-56EA11A56949}.Debug|Any CPU.Build.0 = Debug|x64
		{1AA11910-9BE3-48B1-AEF5-56EA11A56949}.Debug|Any CPU.Deploy.0 = Debug|x64
		{1AA11910-9BE3-48B1-AEF5-56EA11A56949}.Debug|ARM64.ActiveCfg = Debug|ARM64
		{1AA11910-9BE3-48B1-AEF5-56EA11A56949}.Debug|ARM64.Build.0 = Debug|ARM64
		{1AA11910-9BE3-48B1-AEF5-56EA11A56949}.Debug|ARM64.Deploy.0 = Debug|ARM64
		{1AA11910-9BE3-48B1-AEF5-56EA11A56949}.Debug|x64.ActiveCfg = Debug|x64
		{1AA11910-9BE3-48B1-AEF5-56EA11A56949}.Debug|x64.Build.0 = Debug|x64
		{1AA11910-9BE3-48B1-AEF5-56EA11A56949}.Debug|x64.Deploy.0 = Debug|x64
		{1AA11910-9BE3-48B1-AEF5-56EA11A56949}.Debug|x86.ActiveCfg = Debug|x86
		{1AA11910-9BE3-48B1-AEF5-56EA11A56949}.Debug|x86.Build.0 = Debug|x86
		{1AA11910-9BE3-48B1-AEF5-56EA11A56949}.Debug|x86.Deploy.0 = Debug|x86
		{1AA11910-9BE3-48B1-AEF5-56EA11A56949}.Release|Any CPU.ActiveCfg = Release|x64
		{1AA11910-9BE3-48B1-AEF5-56EA11A56949}.Release|Any CPU.Build.0 = Release|x64
		{1AA11910-9BE3-48B1-AEF5-56EA11A56949}.Release|Any CPU.Deploy.0 = Release|x64
		{1AA11910-9BE3-48B1-AEF5-56EA11A56949}.Release|ARM64.ActiveCfg = Release|ARM64
		{1AA11910-9BE3-48B1-AEF5-56EA11A56949}.Release|ARM64.Build.0 = Release|ARM64
		{1AA11910-9BE3-48B1-AEF5-56EA11A56949}.Release|ARM64.Deploy.0 = Release|ARM64
		{1AA11910-9BE3-48B1-AEF5-56EA11A56949}.Release|x64.ActiveCfg = Release|x64
		{1AA11910-9BE3-48B1-AEF5-56EA11A56949}.Release|x64.Build.0 = Release|x64
		{1AA11910-9BE3-48B1-AEF5-56EA11A56949}.Release|x64.Deploy.0 = Release|x64
		{1AA11910-9BE3-48B1-AEF5-56EA11A56949}.Release|x86.ActiveCfg = Release|x86
		{1AA11910-9BE3-48B1-AEF5-56EA11A56949}.Release|x86.Build.0 = Release|x86
		{1AA11910-9BE3-48B1-AEF5-56EA11A56949}.Release|x86.Deploy.0 = Release|x86
		{D454463D-763B-4F22-83DA-A90DE23217A5}.Debug|Any CPU.ActiveCfg = Debug|Any CPU
		{D454463D-763B-4F22-83DA-A90DE23217A5}.Debug|Any CPU.Build.0 = Debug|Any CPU
		{D454463D-763B-4F22-83DA-A90DE23217A5}.Debug|ARM64.ActiveCfg = Debug|Any CPU
		{D454463D-763B-4F22-83DA-A90DE23217A5}.Debug|ARM64.Build.0 = Debug|Any CPU
		{D454463D-763B-4F22-83DA-A90DE23217A5}.Debug|x64.ActiveCfg = Debug|Any CPU
		{D454463D-763B-4F22-83DA-A90DE23217A5}.Debug|x64.Build.0 = Debug|Any CPU
		{D454463D-763B-4F22-83DA-A90DE23217A5}.Debug|x86.ActiveCfg = Debug|Any CPU
		{D454463D-763B-4F22-83DA-A90DE23217A5}.Debug|x86.Build.0 = Debug|Any CPU
		{D454463D-763B-4F22-83DA-A90DE23217A5}.Release|Any CPU.ActiveCfg = Release|Any CPU
		{D454463D-763B-4F22-83DA-A90DE23217A5}.Release|Any CPU.Build.0 = Release|Any CPU
		{D454463D-763B-4F22-83DA-A90DE23217A5}.Release|ARM64.ActiveCfg = Release|Any CPU
		{D454463D-763B-4F22-83DA-A90DE23217A5}.Release|ARM64.Build.0 = Release|Any CPU
		{D454463D-763B-4F22-83DA-A90DE23217A5}.Release|x64.ActiveCfg = Release|Any CPU
		{D454463D-763B-4F22-83DA-A90DE23217A5}.Release|x64.Build.0 = Release|Any CPU
		{D454463D-763B-4F22-83DA-A90DE23217A5}.Release|x86.ActiveCfg = Release|Any CPU
		{D454463D-763B-4F22-83DA-A90DE23217A5}.Release|x86.Build.0 = Release|Any CPU
		{CE335A29-C2E7-4AF6-BF30-E44E326B8A6E}.Debug|Any CPU.ActiveCfg = Debug|Any CPU
		{CE335A29-C2E7-4AF6-BF30-E44E326B8A6E}.Debug|Any CPU.Build.0 = Debug|Any CPU
		{CE335A29-C2E7-4AF6-BF30-E44E326B8A6E}.Debug|ARM64.ActiveCfg = Debug|Any CPU
		{CE335A29-C2E7-4AF6-BF30-E44E326B8A6E}.Debug|ARM64.Build.0 = Debug|Any CPU
		{CE335A29-C2E7-4AF6-BF30-E44E326B8A6E}.Debug|x64.ActiveCfg = Debug|Any CPU
		{CE335A29-C2E7-4AF6-BF30-E44E326B8A6E}.Debug|x64.Build.0 = Debug|Any CPU
		{CE335A29-C2E7-4AF6-BF30-E44E326B8A6E}.Debug|x86.ActiveCfg = Debug|Any CPU
		{CE335A29-C2E7-4AF6-BF30-E44E326B8A6E}.Debug|x86.Build.0 = Debug|Any CPU
		{CE335A29-C2E7-4AF6-BF30-E44E326B8A6E}.Release|Any CPU.ActiveCfg = Release|Any CPU
		{CE335A29-C2E7-4AF6-BF30-E44E326B8A6E}.Release|Any CPU.Build.0 = Release|Any CPU
		{CE335A29-C2E7-4AF6-BF30-E44E326B8A6E}.Release|ARM64.ActiveCfg = Release|Any CPU
		{CE335A29-C2E7-4AF6-BF30-E44E326B8A6E}.Release|ARM64.Build.0 = Release|Any CPU
		{CE335A29-C2E7-4AF6-BF30-E44E326B8A6E}.Release|x64.ActiveCfg = Release|Any CPU
		{CE335A29-C2E7-4AF6-BF30-E44E326B8A6E}.Release|x64.Build.0 = Release|Any CPU
		{CE335A29-C2E7-4AF6-BF30-E44E326B8A6E}.Release|x86.ActiveCfg = Release|Any CPU
		{CE335A29-C2E7-4AF6-BF30-E44E326B8A6E}.Release|x86.Build.0 = Release|Any CPU
		{492CAD5B-C410-46B9-8531-C0761B17630D}.Debug|Any CPU.ActiveCfg = Debug|Any CPU
		{492CAD5B-C410-46B9-8531-C0761B17630D}.Debug|Any CPU.Build.0 = Debug|Any CPU
		{492CAD5B-C410-46B9-8531-C0761B17630D}.Debug|Any CPU.Deploy.0 = Debug|Any CPU
		{492CAD5B-C410-46B9-8531-C0761B17630D}.Debug|ARM64.ActiveCfg = Debug|Any CPU
		{492CAD5B-C410-46B9-8531-C0761B17630D}.Debug|ARM64.Build.0 = Debug|Any CPU
		{492CAD5B-C410-46B9-8531-C0761B17630D}.Debug|ARM64.Deploy.0 = Debug|Any CPU
		{492CAD5B-C410-46B9-8531-C0761B17630D}.Debug|x64.ActiveCfg = Debug|Any CPU
		{492CAD5B-C410-46B9-8531-C0761B17630D}.Debug|x64.Build.0 = Debug|Any CPU
		{492CAD5B-C410-46B9-8531-C0761B17630D}.Debug|x64.Deploy.0 = Debug|Any CPU
		{492CAD5B-C410-46B9-8531-C0761B17630D}.Debug|x86.ActiveCfg = Debug|Any CPU
		{492CAD5B-C410-46B9-8531-C0761B17630D}.Debug|x86.Build.0 = Debug|Any CPU
		{492CAD5B-C410-46B9-8531-C0761B17630D}.Debug|x86.Deploy.0 = Debug|Any CPU
		{492CAD5B-C410-46B9-8531-C0761B17630D}.Release|Any CPU.ActiveCfg = Release|Any CPU
		{492CAD5B-C410-46B9-8531-C0761B17630D}.Release|Any CPU.Build.0 = Release|Any CPU
		{492CAD5B-C410-46B9-8531-C0761B17630D}.Release|ARM64.ActiveCfg = Release|Any CPU
		{492CAD5B-C410-46B9-8531-C0761B17630D}.Release|ARM64.Build.0 = Release|Any CPU
		{492CAD5B-C410-46B9-8531-C0761B17630D}.Release|x64.ActiveCfg = Release|Any CPU
		{492CAD5B-C410-46B9-8531-C0761B17630D}.Release|x64.Build.0 = Release|Any CPU
		{492CAD5B-C410-46B9-8531-C0761B17630D}.Release|x86.ActiveCfg = Release|Any CPU
		{492CAD5B-C410-46B9-8531-C0761B17630D}.Release|x86.Build.0 = Release|Any CPU
		{42D4CB96-EAE5-4D1E-9351-EF2A2EA3A524}.Debug|Any CPU.ActiveCfg = Debug|Any CPU
		{42D4CB96-EAE5-4D1E-9351-EF2A2EA3A524}.Debug|Any CPU.Build.0 = Debug|Any CPU
		{42D4CB96-EAE5-4D1E-9351-EF2A2EA3A524}.Debug|ARM64.ActiveCfg = Debug|Any CPU
		{42D4CB96-EAE5-4D1E-9351-EF2A2EA3A524}.Debug|ARM64.Build.0 = Debug|Any CPU
		{42D4CB96-EAE5-4D1E-9351-EF2A2EA3A524}.Debug|x64.ActiveCfg = Debug|Any CPU
		{42D4CB96-EAE5-4D1E-9351-EF2A2EA3A524}.Debug|x64.Build.0 = Debug|Any CPU
		{42D4CB96-EAE5-4D1E-9351-EF2A2EA3A524}.Debug|x86.ActiveCfg = Debug|Any CPU
		{42D4CB96-EAE5-4D1E-9351-EF2A2EA3A524}.Debug|x86.Build.0 = Debug|Any CPU
		{42D4CB96-EAE5-4D1E-9351-EF2A2EA3A524}.Release|Any CPU.ActiveCfg = Release|Any CPU
		{42D4CB96-EAE5-4D1E-9351-EF2A2EA3A524}.Release|Any CPU.Build.0 = Release|Any CPU
		{42D4CB96-EAE5-4D1E-9351-EF2A2EA3A524}.Release|ARM64.ActiveCfg = Release|Any CPU
		{42D4CB96-EAE5-4D1E-9351-EF2A2EA3A524}.Release|ARM64.Build.0 = Release|Any CPU
		{42D4CB96-EAE5-4D1E-9351-EF2A2EA3A524}.Release|x64.ActiveCfg = Release|Any CPU
		{42D4CB96-EAE5-4D1E-9351-EF2A2EA3A524}.Release|x64.Build.0 = Release|Any CPU
		{42D4CB96-EAE5-4D1E-9351-EF2A2EA3A524}.Release|x86.ActiveCfg = Release|Any CPU
		{42D4CB96-EAE5-4D1E-9351-EF2A2EA3A524}.Release|x86.Build.0 = Release|Any CPU
		{E7A9FE43-371A-40CF-AF81-9A4BA83A8B5E}.Debug|Any CPU.ActiveCfg = Debug|Any CPU
		{E7A9FE43-371A-40CF-AF81-9A4BA83A8B5E}.Debug|Any CPU.Build.0 = Debug|Any CPU
		{E7A9FE43-371A-40CF-AF81-9A4BA83A8B5E}.Debug|ARM64.ActiveCfg = Debug|Any CPU
		{E7A9FE43-371A-40CF-AF81-9A4BA83A8B5E}.Debug|ARM64.Build.0 = Debug|Any CPU
		{E7A9FE43-371A-40CF-AF81-9A4BA83A8B5E}.Debug|x64.ActiveCfg = Debug|Any CPU
		{E7A9FE43-371A-40CF-AF81-9A4BA83A8B5E}.Debug|x64.Build.0 = Debug|Any CPU
		{E7A9FE43-371A-40CF-AF81-9A4BA83A8B5E}.Debug|x86.ActiveCfg = Debug|Any CPU
		{E7A9FE43-371A-40CF-AF81-9A4BA83A8B5E}.Debug|x86.Build.0 = Debug|Any CPU
		{E7A9FE43-371A-40CF-AF81-9A4BA83A8B5E}.Release|Any CPU.ActiveCfg = Release|Any CPU
		{E7A9FE43-371A-40CF-AF81-9A4BA83A8B5E}.Release|Any CPU.Build.0 = Release|Any CPU
		{E7A9FE43-371A-40CF-AF81-9A4BA83A8B5E}.Release|ARM64.ActiveCfg = Release|Any CPU
		{E7A9FE43-371A-40CF-AF81-9A4BA83A8B5E}.Release|ARM64.Build.0 = Release|Any CPU
		{E7A9FE43-371A-40CF-AF81-9A4BA83A8B5E}.Release|x64.ActiveCfg = Release|Any CPU
		{E7A9FE43-371A-40CF-AF81-9A4BA83A8B5E}.Release|x64.Build.0 = Release|Any CPU
		{E7A9FE43-371A-40CF-AF81-9A4BA83A8B5E}.Release|x86.ActiveCfg = Release|Any CPU
		{E7A9FE43-371A-40CF-AF81-9A4BA83A8B5E}.Release|x86.Build.0 = Release|Any CPU
		{490E1CC6-6727-4D62-ABDC-50FB9011D79C}.Debug|Any CPU.ActiveCfg = Debug|Any CPU
		{490E1CC6-6727-4D62-ABDC-50FB9011D79C}.Debug|Any CPU.Build.0 = Debug|Any CPU
		{490E1CC6-6727-4D62-ABDC-50FB9011D79C}.Debug|ARM64.ActiveCfg = Debug|Any CPU
		{490E1CC6-6727-4D62-ABDC-50FB9011D79C}.Debug|ARM64.Build.0 = Debug|Any CPU
		{490E1CC6-6727-4D62-ABDC-50FB9011D79C}.Debug|x64.ActiveCfg = Debug|Any CPU
		{490E1CC6-6727-4D62-ABDC-50FB9011D79C}.Debug|x64.Build.0 = Debug|Any CPU
		{490E1CC6-6727-4D62-ABDC-50FB9011D79C}.Debug|x86.ActiveCfg = Debug|Any CPU
		{490E1CC6-6727-4D62-ABDC-50FB9011D79C}.Debug|x86.Build.0 = Debug|Any CPU
		{490E1CC6-6727-4D62-ABDC-50FB9011D79C}.Release|Any CPU.ActiveCfg = Release|Any CPU
		{490E1CC6-6727-4D62-ABDC-50FB9011D79C}.Release|Any CPU.Build.0 = Release|Any CPU
		{490E1CC6-6727-4D62-ABDC-50FB9011D79C}.Release|ARM64.ActiveCfg = Release|Any CPU
		{490E1CC6-6727-4D62-ABDC-50FB9011D79C}.Release|ARM64.Build.0 = Release|Any CPU
		{490E1CC6-6727-4D62-ABDC-50FB9011D79C}.Release|x64.ActiveCfg = Release|Any CPU
		{490E1CC6-6727-4D62-ABDC-50FB9011D79C}.Release|x64.Build.0 = Release|Any CPU
		{490E1CC6-6727-4D62-ABDC-50FB9011D79C}.Release|x86.ActiveCfg = Release|Any CPU
		{490E1CC6-6727-4D62-ABDC-50FB9011D79C}.Release|x86.Build.0 = Release|Any CPU
		{E0711692-5099-48B5-959F-8781E24480A2}.Debug|Any CPU.ActiveCfg = Debug|Any CPU
		{E0711692-5099-48B5-959F-8781E24480A2}.Debug|Any CPU.Build.0 = Debug|Any CPU
		{E0711692-5099-48B5-959F-8781E24480A2}.Debug|Any CPU.Deploy.0 = Debug|Any CPU
		{E0711692-5099-48B5-959F-8781E24480A2}.Debug|ARM64.ActiveCfg = Debug|Any CPU
		{E0711692-5099-48B5-959F-8781E24480A2}.Debug|ARM64.Build.0 = Debug|Any CPU
		{E0711692-5099-48B5-959F-8781E24480A2}.Debug|x64.ActiveCfg = Debug|Any CPU
		{E0711692-5099-48B5-959F-8781E24480A2}.Debug|x64.Build.0 = Debug|Any CPU
		{E0711692-5099-48B5-959F-8781E24480A2}.Debug|x86.ActiveCfg = Debug|Any CPU
		{E0711692-5099-48B5-959F-8781E24480A2}.Debug|x86.Build.0 = Debug|Any CPU
		{E0711692-5099-48B5-959F-8781E24480A2}.Release|Any CPU.ActiveCfg = Release|Any CPU
		{E0711692-5099-48B5-959F-8781E24480A2}.Release|Any CPU.Build.0 = Release|Any CPU
		{E0711692-5099-48B5-959F-8781E24480A2}.Release|ARM64.ActiveCfg = Release|Any CPU
		{E0711692-5099-48B5-959F-8781E24480A2}.Release|ARM64.Build.0 = Release|Any CPU
		{E0711692-5099-48B5-959F-8781E24480A2}.Release|x64.ActiveCfg = Release|Any CPU
		{E0711692-5099-48B5-959F-8781E24480A2}.Release|x64.Build.0 = Release|Any CPU
		{E0711692-5099-48B5-959F-8781E24480A2}.Release|x86.ActiveCfg = Release|Any CPU
		{E0711692-5099-48B5-959F-8781E24480A2}.Release|x86.Build.0 = Release|Any CPU
		{8829EB5F-D9FE-489B-A2CD-02DBDFB5A6BC}.Debug|Any CPU.ActiveCfg = Debug|Any CPU
		{8829EB5F-D9FE-489B-A2CD-02DBDFB5A6BC}.Debug|Any CPU.Build.0 = Debug|Any CPU
		{8829EB5F-D9FE-489B-A2CD-02DBDFB5A6BC}.Debug|ARM64.ActiveCfg = Debug|Any CPU
		{8829EB5F-D9FE-489B-A2CD-02DBDFB5A6BC}.Debug|ARM64.Build.0 = Debug|Any CPU
		{8829EB5F-D9FE-489B-A2CD-02DBDFB5A6BC}.Debug|x64.ActiveCfg = Debug|Any CPU
		{8829EB5F-D9FE-489B-A2CD-02DBDFB5A6BC}.Debug|x64.Build.0 = Debug|Any CPU
		{8829EB5F-D9FE-489B-A2CD-02DBDFB5A6BC}.Debug|x86.ActiveCfg = Debug|Any CPU
		{8829EB5F-D9FE-489B-A2CD-02DBDFB5A6BC}.Debug|x86.Build.0 = Debug|Any CPU
		{8829EB5F-D9FE-489B-A2CD-02DBDFB5A6BC}.Release|Any CPU.ActiveCfg = Release|Any CPU
		{8829EB5F-D9FE-489B-A2CD-02DBDFB5A6BC}.Release|Any CPU.Build.0 = Release|Any CPU
		{8829EB5F-D9FE-489B-A2CD-02DBDFB5A6BC}.Release|ARM64.ActiveCfg = Release|Any CPU
		{8829EB5F-D9FE-489B-A2CD-02DBDFB5A6BC}.Release|ARM64.Build.0 = Release|Any CPU
		{8829EB5F-D9FE-489B-A2CD-02DBDFB5A6BC}.Release|x64.ActiveCfg = Release|Any CPU
		{8829EB5F-D9FE-489B-A2CD-02DBDFB5A6BC}.Release|x64.Build.0 = Release|Any CPU
		{8829EB5F-D9FE-489B-A2CD-02DBDFB5A6BC}.Release|x86.ActiveCfg = Release|Any CPU
		{8829EB5F-D9FE-489B-A2CD-02DBDFB5A6BC}.Release|x86.Build.0 = Release|Any CPU
		{6EC1EBEE-675B-4519-8202-0A45DC38A39E}.Debug|Any CPU.ActiveCfg = Debug|Any CPU
		{6EC1EBEE-675B-4519-8202-0A45DC38A39E}.Debug|Any CPU.Build.0 = Debug|Any CPU
		{6EC1EBEE-675B-4519-8202-0A45DC38A39E}.Debug|ARM64.ActiveCfg = Debug|Any CPU
		{6EC1EBEE-675B-4519-8202-0A45DC38A39E}.Debug|ARM64.Build.0 = Debug|Any CPU
		{6EC1EBEE-675B-4519-8202-0A45DC38A39E}.Debug|x64.ActiveCfg = Debug|Any CPU
		{6EC1EBEE-675B-4519-8202-0A45DC38A39E}.Debug|x64.Build.0 = Debug|Any CPU
		{6EC1EBEE-675B-4519-8202-0A45DC38A39E}.Debug|x86.ActiveCfg = Debug|Any CPU
		{6EC1EBEE-675B-4519-8202-0A45DC38A39E}.Debug|x86.Build.0 = Debug|Any CPU
		{6EC1EBEE-675B-4519-8202-0A45DC38A39E}.Release|Any CPU.ActiveCfg = Release|Any CPU
		{6EC1EBEE-675B-4519-8202-0A45DC38A39E}.Release|Any CPU.Build.0 = Release|Any CPU
		{6EC1EBEE-675B-4519-8202-0A45DC38A39E}.Release|ARM64.ActiveCfg = Release|Any CPU
		{6EC1EBEE-675B-4519-8202-0A45DC38A39E}.Release|ARM64.Build.0 = Release|Any CPU
		{6EC1EBEE-675B-4519-8202-0A45DC38A39E}.Release|x64.ActiveCfg = Release|Any CPU
		{6EC1EBEE-675B-4519-8202-0A45DC38A39E}.Release|x64.Build.0 = Release|Any CPU
		{6EC1EBEE-675B-4519-8202-0A45DC38A39E}.Release|x86.ActiveCfg = Release|Any CPU
		{6EC1EBEE-675B-4519-8202-0A45DC38A39E}.Release|x86.Build.0 = Release|Any CPU
		{7D6305C0-BDB9-4C3D-BEA3-44F77502BE6F}.Debug|Any CPU.ActiveCfg = Debug|Any CPU
		{7D6305C0-BDB9-4C3D-BEA3-44F77502BE6F}.Debug|Any CPU.Build.0 = Debug|Any CPU
		{7D6305C0-BDB9-4C3D-BEA3-44F77502BE6F}.Debug|ARM64.ActiveCfg = Debug|Any CPU
		{7D6305C0-BDB9-4C3D-BEA3-44F77502BE6F}.Debug|ARM64.Build.0 = Debug|Any CPU
		{7D6305C0-BDB9-4C3D-BEA3-44F77502BE6F}.Debug|x64.ActiveCfg = Debug|Any CPU
		{7D6305C0-BDB9-4C3D-BEA3-44F77502BE6F}.Debug|x64.Build.0 = Debug|Any CPU
		{7D6305C0-BDB9-4C3D-BEA3-44F77502BE6F}.Debug|x86.ActiveCfg = Debug|Any CPU
		{7D6305C0-BDB9-4C3D-BEA3-44F77502BE6F}.Debug|x86.Build.0 = Debug|Any CPU
		{7D6305C0-BDB9-4C3D-BEA3-44F77502BE6F}.Release|Any CPU.ActiveCfg = Release|Any CPU
		{7D6305C0-BDB9-4C3D-BEA3-44F77502BE6F}.Release|Any CPU.Build.0 = Release|Any CPU
		{7D6305C0-BDB9-4C3D-BEA3-44F77502BE6F}.Release|ARM64.ActiveCfg = Release|Any CPU
		{7D6305C0-BDB9-4C3D-BEA3-44F77502BE6F}.Release|ARM64.Build.0 = Release|Any CPU
		{7D6305C0-BDB9-4C3D-BEA3-44F77502BE6F}.Release|x64.ActiveCfg = Release|Any CPU
		{7D6305C0-BDB9-4C3D-BEA3-44F77502BE6F}.Release|x64.Build.0 = Release|Any CPU
		{7D6305C0-BDB9-4C3D-BEA3-44F77502BE6F}.Release|x86.ActiveCfg = Release|Any CPU
		{7D6305C0-BDB9-4C3D-BEA3-44F77502BE6F}.Release|x86.Build.0 = Release|Any CPU
	EndGlobalSection
	GlobalSection(SolutionProperties) = preSolution
		HideSolutionNode = FALSE
	EndGlobalSection
	GlobalSection(NestedProjects) = preSolution
		{7C47635B-CFAE-4CA3-8F40-996647147858} = {DF4A6489-E464-4578-BEDA-6B015BC563C4}
		{87A74890-AE8C-4C95-B820-2EF62FBF3796} = {7C47635B-CFAE-4CA3-8F40-996647147858}
		{D593EA59-F899-48AF-B644-7D203791D4F0} = {7C47635B-CFAE-4CA3-8F40-996647147858}
		{00732994-D661-4101-AC7D-70A1A8B8D814} = {DF4A6489-E464-4578-BEDA-6B015BC563C4}
		{ADE56DCC-E27C-4C3C-BB0D-5F7001D5EC5D} = {00732994-D661-4101-AC7D-70A1A8B8D814}
		{3DAB5219-2A0F-4642-85A7-299AD8921745} = {DF4A6489-E464-4578-BEDA-6B015BC563C4}
		{98A534AC-6507-4978-B15A-A5407BFA8E72} = {00732994-D661-4101-AC7D-70A1A8B8D814}
		{A7A66D10-7459-4B18-AF9B-BC585F4B6845} = {3DAB5219-2A0F-4642-85A7-299AD8921745}
		{62C017EB-4CFB-495B-BCDF-6B5ACB465420} = {7E732B48-5E33-472A-B721-56C7C4A3F867}
		{9EE2C839-D4FD-4880-BBF5-80B598CCB6BE} = {03BFDF36-3CFC-4371-985C-F56BC7B07979}
		{4DFBA97C-3D21-49CA-A298-709EFE41CE41} = {7E732B48-5E33-472A-B721-56C7C4A3F867}
		{8EDE0BB3-AD84-4E38-B9FA-4E192AD6DB35} = {C487D92C-1FDD-428C-AAC6-68F51020A258}
		{0C26F12E-629E-478C-B553-F6BE683A568C} = {C487D92C-1FDD-428C-AAC6-68F51020A258}
		{D690E6B2-538E-45DE-99A3-FE920111AC8A} = {7E732B48-5E33-472A-B721-56C7C4A3F867}
		{3FFB6E69-E8A5-4034-906F-1547BCA7A2B6} = {DF4A6489-E464-4578-BEDA-6B015BC563C4}
		{0DD55A96-9CA9-4B76-834F-F4C631765143} = {3FFB6E69-E8A5-4034-906F-1547BCA7A2B6}
		{34DF0699-2EA2-4E91-A087-B706BB5DF541} = {6461B72C-7DAE-4644-AB23-039E741C0861}
		{F2F9C88E-623F-49E5-A5B4-BE27645DE4DC} = {6461B72C-7DAE-4644-AB23-039E741C0861}
		{E01CAB26-8976-430B-99E7-DA9E9DF999B3} = {7E732B48-5E33-472A-B721-56C7C4A3F867}
		{7A1AF82E-4F1D-4E9A-AEC0-3929404C35A6} = {6461B72C-7DAE-4644-AB23-039E741C0861}
		{03BFDF36-3CFC-4371-985C-F56BC7B07979} = {3DAB5219-2A0F-4642-85A7-299AD8921745}
		{310B664F-159C-433F-A2F6-63252A85BA65} = {153B0D63-22E2-4738-B2AC-F9936F6AB553}
		{1A7492D7-A7BF-42A6-9C0A-C1F81DADF314} = {153B0D63-22E2-4738-B2AC-F9936F6AB553}
		{6C921291-330B-4AED-84EA-DC908458F005} = {3FFB6E69-E8A5-4034-906F-1547BCA7A2B6}
		{61BCE1B5-D6CD-473A-84A8-9665C347DD55} = {3DAB5219-2A0F-4642-85A7-299AD8921745}
		{75F0D925-380D-4C88-AFFA-6E68F42EB244} = {DF4A6489-E464-4578-BEDA-6B015BC563C4}
		{062614F1-84D3-4529-A1D4-2532A3E5340C} = {75F0D925-380D-4C88-AFFA-6E68F42EB244}
		{7E732B48-5E33-472A-B721-56C7C4A3F867} = {3DAB5219-2A0F-4642-85A7-299AD8921745}
		{6683F1D8-C92F-49C4-B4DD-2EFEFAB178CA} = {3DAB5219-2A0F-4642-85A7-299AD8921745}
		{AE32F4D3-6576-40C0-94C8-F838E3649E2C} = {6683F1D8-C92F-49C4-B4DD-2EFEFAB178CA}
		{1AA11910-9BE3-48B1-AEF5-56EA11A56949} = {6683F1D8-C92F-49C4-B4DD-2EFEFAB178CA}
		{D454463D-763B-4F22-83DA-A90DE23217A5} = {6683F1D8-C92F-49C4-B4DD-2EFEFAB178CA}
		{CE335A29-C2E7-4AF6-BF30-E44E326B8A6E} = {7E732B48-5E33-472A-B721-56C7C4A3F867}
		{492CAD5B-C410-46B9-8531-C0761B17630D} = {6683F1D8-C92F-49C4-B4DD-2EFEFAB178CA}
		{42D4CB96-EAE5-4D1E-9351-EF2A2EA3A524} = {6683F1D8-C92F-49C4-B4DD-2EFEFAB178CA}
		{E7A9FE43-371A-40CF-AF81-9A4BA83A8B5E} = {6683F1D8-C92F-49C4-B4DD-2EFEFAB178CA}
		{490E1CC6-6727-4D62-ABDC-50FB9011D79C} = {7E732B48-5E33-472A-B721-56C7C4A3F867}
		{E0711692-5099-48B5-959F-8781E24480A2} = {6683F1D8-C92F-49C4-B4DD-2EFEFAB178CA}
		{96CFC8CB-F936-43C9-B931-D456F8595996} = {3DAB5219-2A0F-4642-85A7-299AD8921745}
		{8829EB5F-D9FE-489B-A2CD-02DBDFB5A6BC} = {96CFC8CB-F936-43C9-B931-D456F8595996}
		{0765E8BF-38A1-4BE5-B02E-919C443DBF7A} = {96CFC8CB-F936-43C9-B931-D456F8595996}
		{6EC1EBEE-675B-4519-8202-0A45DC38A39E} = {0765E8BF-38A1-4BE5-B02E-919C443DBF7A}
		{7D6305C0-BDB9-4C3D-BEA3-44F77502BE6F} = {0765E8BF-38A1-4BE5-B02E-919C443DBF7A}
	EndGlobalSection
	GlobalSection(ExtensibilityGlobals) = postSolution
		SolutionGuid = {2EF5A3C1-B0AD-4D47-A567-87ED1B9C164D}
	EndGlobalSection
EndGlobal
